Microsoft Visual Studio Solution File, Format Version 12.00
# Visual Studio 15
VisualStudioVersion = 15.0.27130.2027
MinimumVisualStudioVersion = 10.0.40219.1
Project("{2150E333-8FDC-42A3-9474-1A3956D46DE8}") = "Documentation", "Documentation", "{E4A7A24C-D079-4E8B-91CA-1FD0C6F145F5}"
	ProjectSection(SolutionItems) = preProject
		Documentation\PageObjectStandards.cs = Documentation\PageObjectStandards.cs
		README.md = README.md
		Documentation\TestClassStandardsTests.cs = Documentation\TestClassStandardsTests.cs
	EndProjectSection
EndProject
Project("{2150E333-8FDC-42A3-9474-1A3956D46DE8}") = "Design Requirements", "Design Requirements", "{4C18C2E2-8762-4E71-BE14-A6646FE4999F}"
	ProjectSection(SolutionItems) = preProject
		Documentation\Design Requirements\Database Standards.md = Documentation\Design Requirements\Database Standards.md
		Documentation\Design Requirements\General Standards.md = Documentation\Design Requirements\General Standards.md
		Documentation\Design Requirements\Logging Standards.md = Documentation\Design Requirements\Logging Standards.md
		Documentation\Design Requirements\Page Object Standards.md = Documentation\Design Requirements\Page Object Standards.md
		Documentation\Design Requirements\Test Case Standards.md = Documentation\Design Requirements\Test Case Standards.md
		Documentation\Design Requirements\Test Class Standards.md = Documentation\Design Requirements\Test Class Standards.md
		Documentation\Design Requirements\Utilities Standards.md = Documentation\Design Requirements\Utilities Standards.md
	EndProjectSection
EndProject
Project("{2150E333-8FDC-42A3-9474-1A3956D46DE8}") = "Templates", "Templates", "{4E5150CD-7951-478B-A8B3-EBB04DBD563A}"
	ProjectSection(SolutionItems) = preProject
		TestClassTemplateTests.cs = TestClassTemplateTests.cs
	EndProjectSection
EndProject
Project("{2150E333-8FDC-42A3-9474-1A3956D46DE8}") = "General Information", "General Information", "{1565E9BE-BADA-48C7-8932-B17755729AC7}"
	ProjectSection(SolutionItems) = preProject
		Documentation\General Information\Build Configurations.md = Documentation\General Information\Build Configurations.md
		Documentation\General Information\Compiled Help Module.md = Documentation\General Information\Compiled Help Module.md
		Google Analytics Account.md = Google Analytics Account.md
		Documentation\General Information\Store In Session Kiosk Access.md = Documentation\General Information\Store In Session Kiosk Access.md
		Documentation\General Information\View Image Comments in Visual Studio.md = Documentation\General Information\View Image Comments in Visual Studio.md
		Documentation\General Information\View MD Files in Chrome.md = Documentation\General Information\View MD Files in Chrome.md
	EndProjectSection
EndProject
Project("{2150E333-8FDC-42A3-9474-1A3956D46DE8}") = "Framework Features", "Framework Features", "{7DFB9882-BD46-40D9-87BA-D2C95AE2CCC2}"
	ProjectSection(SolutionItems) = preProject
		Documentation\Framework Features\Browser.md = Documentation\Framework Features\Browser.md
		Documentation\Framework Features\Database.md = Documentation\Framework Features\Database.md
		Documentation\Framework Features\Fluent Wait.md = Documentation\Framework Features\Fluent Wait.md
		Documentation\Framework Features\Locate.md = Documentation\Framework Features\Locate.md
		Documentation\Framework Features\Log.md = Documentation\Framework Features\Log.md
		Documentation\Framework Features\Page Objects.md = Documentation\Framework Features\Page Objects.md
		Documentation\Framework Features\Page.md = Documentation\Framework Features\Page.md
		Documentation\Framework Features\RequestApi.md = Documentation\Framework Features\RequestApi.md
		Documentation\Framework Features\Utilities.md = Documentation\Framework Features\Utilities.md
		Documentation\Framework Features\Verify.md = Documentation\Framework Features\Verify.md
		Documentation\Framework Features\Workflows.md = Documentation\Framework Features\Workflows.md
	EndProjectSection
EndProject
Project("{2150E333-8FDC-42A3-9474-1A3956D46DE8}") = "Process", "Process", "{CB70EA86-E2BD-4DCB-8CB4-0DBE62FB5395}"
	ProjectSection(SolutionItems) = preProject
		Documentation\Process\Daily Test Case Review.md = Documentation\Process\Daily Test Case Review.md
		Documentation\Process\Test Automation SDLC.md = Documentation\Process\Test Automation SDLC.md
	EndProjectSection
EndProject
Project("{FAE04EC0-301F-11D3-BF4B-00C04F79EFBC}") = "Automation.Framework", "Automation.Framework\Automation.Framework.csproj", "{97B3599F-0E11-4D64-B0E7-4EC88285679A}"
EndProject
Project("{FAE04EC0-301F-11D3-BF4B-00C04F79EFBC}") = "Automation.FrameworkTests", "Automation.FrameworkTests\Automation.FrameworkTests.csproj", "{B43A90B0-B64E-46B5-95E3-3B3896DF40E5}"
EndProject
Project("{FAE04EC0-301F-11D3-BF4B-00C04F79EFBC}") = "LampsPlus.RegressionTests", "LampsPlus.RegressionTests\LampsPlus.RegressionTests.csproj", "{8C98F9F0-9463-41B2-A9CC-70D0A4FE0CF3}"
EndProject
Project("{FAE04EC0-301F-11D3-BF4B-00C04F79EFBC}") = "LampsPlus.AutomationFramework", "LampsPlus.AutomationFramework\LampsPlus.AutomationFramework.csproj", "{71A023E9-6B3F-45EF-ABA6-5ABAC8BFCC64}"
EndProject
Project("{FAE04EC0-301F-11D3-BF4B-00C04F79EFBC}") = "LampsPlus.VisualizationTests", "LampsPlus.VisualizationTests\LampsPlus.VisualizationTests.csproj", "{B2F84595-F97C-458A-AB58-54269A5A5F7C}"
EndProject
Global
	GlobalSection(SolutionConfigurationPlatforms) = preSolution
		Debug|Any CPU = Debug|Any CPU
		Debug|x64 = Debug|x64
		Debug|x86 = Debug|x86
		DebugGrid|Any CPU = DebugGrid|Any CPU
		DebugGrid|x64 = DebugGrid|x64
		DebugGrid|x86 = DebugGrid|x86
		DebugLocal|Any CPU = DebugLocal|Any CPU
		DebugLocal|x64 = DebugLocal|x64
		DebugLocal|x86 = DebugLocal|x86
		Release|Any CPU = Release|Any CPU
		Release|x64 = Release|x64
		Release|x86 = Release|x86
		ReleaseGrid|Any CPU = ReleaseGrid|Any CPU
		ReleaseGrid|x64 = ReleaseGrid|x64
		ReleaseGrid|x86 = ReleaseGrid|x86
		ReleaseLocal|Any CPU = ReleaseLocal|Any CPU
		ReleaseLocal|x64 = ReleaseLocal|x64
		ReleaseLocal|x86 = ReleaseLocal|x86
	EndGlobalSection
	GlobalSection(ProjectConfigurationPlatforms) = postSolution
		{97B3599F-0E11-4D64-B0E7-4EC88285679A}.Debug|Any CPU.ActiveCfg = Debug|Any CPU
		{97B3599F-0E11-4D64-B0E7-4EC88285679A}.Debug|Any CPU.Build.0 = Debug|Any CPU
		{97B3599F-0E11-4D64-B0E7-4EC88285679A}.Debug|x64.ActiveCfg = Debug|Any CPU
		{97B3599F-0E11-4D64-B0E7-4EC88285679A}.Debug|x64.Build.0 = Debug|Any CPU
		{97B3599F-0E11-4D64-B0E7-4EC88285679A}.Debug|x86.ActiveCfg = Debug|Any CPU
		{97B3599F-0E11-4D64-B0E7-4EC88285679A}.Debug|x86.Build.0 = Debug|Any CPU
		{97B3599F-0E11-4D64-B0E7-4EC88285679A}.DebugGrid|Any CPU.ActiveCfg = DebugGrid|Any CPU
		{97B3599F-0E11-4D64-B0E7-4EC88285679A}.DebugGrid|Any CPU.Build.0 = DebugGrid|Any CPU
		{97B3599F-0E11-4D64-B0E7-4EC88285679A}.DebugGrid|x64.ActiveCfg = DebugGrid|Any CPU
		{97B3599F-0E11-4D64-B0E7-4EC88285679A}.DebugGrid|x64.Build.0 = DebugGrid|Any CPU
		{97B3599F-0E11-4D64-B0E7-4EC88285679A}.DebugGrid|x86.ActiveCfg = DebugGrid|Any CPU
		{97B3599F-0E11-4D64-B0E7-4EC88285679A}.DebugGrid|x86.Build.0 = DebugGrid|Any CPU
		{97B3599F-0E11-4D64-B0E7-4EC88285679A}.DebugLocal|Any CPU.ActiveCfg = DebugLocal|Any CPU
		{97B3599F-0E11-4D64-B0E7-4EC88285679A}.DebugLocal|Any CPU.Build.0 = DebugLocal|Any CPU
		{97B3599F-0E11-4D64-B0E7-4EC88285679A}.DebugLocal|x64.ActiveCfg = DebugLocal|Any CPU
		{97B3599F-0E11-4D64-B0E7-4EC88285679A}.DebugLocal|x64.Build.0 = DebugLocal|Any CPU
		{97B3599F-0E11-4D64-B0E7-4EC88285679A}.DebugLocal|x86.ActiveCfg = DebugLocal|Any CPU
		{97B3599F-0E11-4D64-B0E7-4EC88285679A}.DebugLocal|x86.Build.0 = DebugLocal|Any CPU
		{97B3599F-0E11-4D64-B0E7-4EC88285679A}.Release|Any CPU.ActiveCfg = Release|Any CPU
		{97B3599F-0E11-4D64-B0E7-4EC88285679A}.Release|Any CPU.Build.0 = Release|Any CPU
		{97B3599F-0E11-4D64-B0E7-4EC88285679A}.Release|x64.ActiveCfg = Release|Any CPU
		{97B3599F-0E11-4D64-B0E7-4EC88285679A}.Release|x64.Build.0 = Release|Any CPU
		{97B3599F-0E11-4D64-B0E7-4EC88285679A}.Release|x86.ActiveCfg = Release|Any CPU
		{97B3599F-0E11-4D64-B0E7-4EC88285679A}.Release|x86.Build.0 = Release|Any CPU
		{97B3599F-0E11-4D64-B0E7-4EC88285679A}.ReleaseGrid|Any CPU.ActiveCfg = ReleaseGrid|Any CPU
		{97B3599F-0E11-4D64-B0E7-4EC88285679A}.ReleaseGrid|Any CPU.Build.0 = ReleaseGrid|Any CPU
		{97B3599F-0E11-4D64-B0E7-4EC88285679A}.ReleaseGrid|x64.ActiveCfg = ReleaseGrid|Any CPU
		{97B3599F-0E11-4D64-B0E7-4EC88285679A}.ReleaseGrid|x64.Build.0 = ReleaseGrid|Any CPU
		{97B3599F-0E11-4D64-B0E7-4EC88285679A}.ReleaseGrid|x86.ActiveCfg = ReleaseGrid|Any CPU
		{97B3599F-0E11-4D64-B0E7-4EC88285679A}.ReleaseGrid|x86.Build.0 = ReleaseGrid|Any CPU
		{97B3599F-0E11-4D64-B0E7-4EC88285679A}.ReleaseLocal|Any CPU.ActiveCfg = ReleaseLocal|Any CPU
		{97B3599F-0E11-4D64-B0E7-4EC88285679A}.ReleaseLocal|Any CPU.Build.0 = ReleaseLocal|Any CPU
		{97B3599F-0E11-4D64-B0E7-4EC88285679A}.ReleaseLocal|x64.ActiveCfg = ReleaseLocal|Any CPU
		{97B3599F-0E11-4D64-B0E7-4EC88285679A}.ReleaseLocal|x64.Build.0 = ReleaseLocal|Any CPU
		{97B3599F-0E11-4D64-B0E7-4EC88285679A}.ReleaseLocal|x86.ActiveCfg = ReleaseLocal|Any CPU
		{97B3599F-0E11-4D64-B0E7-4EC88285679A}.ReleaseLocal|x86.Build.0 = ReleaseLocal|Any CPU
		{B43A90B0-B64E-46B5-95E3-3B3896DF40E5}.Debug|Any CPU.ActiveCfg = Debug|Any CPU
		{B43A90B0-B64E-46B5-95E3-3B3896DF40E5}.Debug|Any CPU.Build.0 = Debug|Any CPU
		{B43A90B0-B64E-46B5-95E3-3B3896DF40E5}.Debug|x64.ActiveCfg = Debug|Any CPU
		{B43A90B0-B64E-46B5-95E3-3B3896DF40E5}.Debug|x64.Build.0 = Debug|Any CPU
		{B43A90B0-B64E-46B5-95E3-3B3896DF40E5}.Debug|x86.ActiveCfg = Debug|Any CPU
		{B43A90B0-B64E-46B5-95E3-3B3896DF40E5}.Debug|x86.Build.0 = Debug|Any CPU
		{B43A90B0-B64E-46B5-95E3-3B3896DF40E5}.DebugGrid|Any CPU.ActiveCfg = DebugGrid|Any CPU
		{B43A90B0-B64E-46B5-95E3-3B3896DF40E5}.DebugGrid|Any CPU.Build.0 = DebugGrid|Any CPU
		{B43A90B0-B64E-46B5-95E3-3B3896DF40E5}.DebugGrid|x64.ActiveCfg = DebugGrid|Any CPU
		{B43A90B0-B64E-46B5-95E3-3B3896DF40E5}.DebugGrid|x64.Build.0 = DebugGrid|Any CPU
		{B43A90B0-B64E-46B5-95E3-3B3896DF40E5}.DebugGrid|x86.ActiveCfg = DebugGrid|Any CPU
		{B43A90B0-B64E-46B5-95E3-3B3896DF40E5}.DebugGrid|x86.Build.0 = DebugGrid|Any CPU
		{B43A90B0-B64E-46B5-95E3-3B3896DF40E5}.DebugLocal|Any CPU.ActiveCfg = DebugLocal|Any CPU
		{B43A90B0-B64E-46B5-95E3-3B3896DF40E5}.DebugLocal|Any CPU.Build.0 = DebugLocal|Any CPU
		{B43A90B0-B64E-46B5-95E3-3B3896DF40E5}.DebugLocal|x64.ActiveCfg = DebugLocal|Any CPU
		{B43A90B0-B64E-46B5-95E3-3B3896DF40E5}.DebugLocal|x64.Build.0 = DebugLocal|Any CPU
		{B43A90B0-B64E-46B5-95E3-3B3896DF40E5}.DebugLocal|x86.ActiveCfg = DebugLocal|Any CPU
		{B43A90B0-B64E-46B5-95E3-3B3896DF40E5}.DebugLocal|x86.Build.0 = DebugLocal|Any CPU
		{B43A90B0-B64E-46B5-95E3-3B3896DF40E5}.Release|Any CPU.ActiveCfg = Release|Any CPU
		{B43A90B0-B64E-46B5-95E3-3B3896DF40E5}.Release|Any CPU.Build.0 = Release|Any CPU
		{B43A90B0-B64E-46B5-95E3-3B3896DF40E5}.Release|x64.ActiveCfg = Release|Any CPU
		{B43A90B0-B64E-46B5-95E3-3B3896DF40E5}.Release|x64.Build.0 = Release|Any CPU
		{B43A90B0-B64E-46B5-95E3-3B3896DF40E5}.Release|x86.ActiveCfg = Release|Any CPU
		{B43A90B0-B64E-46B5-95E3-3B3896DF40E5}.Release|x86.Build.0 = Release|Any CPU
		{B43A90B0-B64E-46B5-95E3-3B3896DF40E5}.ReleaseGrid|Any CPU.ActiveCfg = ReleaseGrid|Any CPU
		{B43A90B0-B64E-46B5-95E3-3B3896DF40E5}.ReleaseGrid|Any CPU.Build.0 = ReleaseGrid|Any CPU
		{B43A90B0-B64E-46B5-95E3-3B3896DF40E5}.ReleaseGrid|x64.ActiveCfg = ReleaseGrid|Any CPU
		{B43A90B0-B64E-46B5-95E3-3B3896DF40E5}.ReleaseGrid|x64.Build.0 = ReleaseGrid|Any CPU
		{B43A90B0-B64E-46B5-95E3-3B3896DF40E5}.ReleaseGrid|x86.ActiveCfg = ReleaseGrid|Any CPU
		{B43A90B0-B64E-46B5-95E3-3B3896DF40E5}.ReleaseGrid|x86.Build.0 = ReleaseGrid|Any CPU
		{B43A90B0-B64E-46B5-95E3-3B3896DF40E5}.ReleaseLocal|Any CPU.ActiveCfg = ReleaseLocal|Any CPU
		{B43A90B0-B64E-46B5-95E3-3B3896DF40E5}.ReleaseLocal|Any CPU.Build.0 = ReleaseLocal|Any CPU
		{B43A90B0-B64E-46B5-95E3-3B3896DF40E5}.ReleaseLocal|x64.ActiveCfg = ReleaseLocal|Any CPU
		{B43A90B0-B64E-46B5-95E3-3B3896DF40E5}.ReleaseLocal|x64.Build.0 = ReleaseLocal|Any CPU
		{B43A90B0-B64E-46B5-95E3-3B3896DF40E5}.ReleaseLocal|x86.ActiveCfg = ReleaseLocal|Any CPU
		{B43A90B0-B64E-46B5-95E3-3B3896DF40E5}.ReleaseLocal|x86.Build.0 = ReleaseLocal|Any CPU
		{8C98F9F0-9463-41B2-A9CC-70D0A4FE0CF3}.Debug|Any CPU.ActiveCfg = Debug|Any CPU
		{8C98F9F0-9463-41B2-A9CC-70D0A4FE0CF3}.Debug|Any CPU.Build.0 = Debug|Any CPU
		{8C98F9F0-9463-41B2-A9CC-70D0A4FE0CF3}.Debug|x64.ActiveCfg = Debug|x64
		{8C98F9F0-9463-41B2-A9CC-70D0A4FE0CF3}.Debug|x64.Build.0 = Debug|x64
		{8C98F9F0-9463-41B2-A9CC-70D0A4FE0CF3}.Debug|x86.ActiveCfg = Debug|x86
		{8C98F9F0-9463-41B2-A9CC-70D0A4FE0CF3}.Debug|x86.Build.0 = Debug|x86
		{8C98F9F0-9463-41B2-A9CC-70D0A4FE0CF3}.DebugGrid|Any CPU.ActiveCfg = DebugGrid|Any CPU
		{8C98F9F0-9463-41B2-A9CC-70D0A4FE0CF3}.DebugGrid|Any CPU.Build.0 = DebugGrid|Any CPU
		{8C98F9F0-9463-41B2-A9CC-70D0A4FE0CF3}.DebugGrid|x64.ActiveCfg = DebugGrid|x64
		{8C98F9F0-9463-41B2-A9CC-70D0A4FE0CF3}.DebugGrid|x64.Build.0 = DebugGrid|x64
		{8C98F9F0-9463-41B2-A9CC-70D0A4FE0CF3}.DebugGrid|x86.ActiveCfg = DebugGrid|x86
		{8C98F9F0-9463-41B2-A9CC-70D0A4FE0CF3}.DebugGrid|x86.Build.0 = DebugGrid|x86
		{8C98F9F0-9463-41B2-A9CC-70D0A4FE0CF3}.DebugLocal|Any CPU.ActiveCfg = DebugLocal|Any CPU
		{8C98F9F0-9463-41B2-A9CC-70D0A4FE0CF3}.DebugLocal|Any CPU.Build.0 = DebugLocal|Any CPU
		{8C98F9F0-9463-41B2-A9CC-70D0A4FE0CF3}.DebugLocal|x64.ActiveCfg = DebugLocal|x64
		{8C98F9F0-9463-41B2-A9CC-70D0A4FE0CF3}.DebugLocal|x64.Build.0 = DebugLocal|x64
		{8C98F9F0-9463-41B2-A9CC-70D0A4FE0CF3}.DebugLocal|x86.ActiveCfg = DebugLocal|x86
		{8C98F9F0-9463-41B2-A9CC-70D0A4FE0CF3}.DebugLocal|x86.Build.0 = DebugLocal|x86
		{8C98F9F0-9463-41B2-A9CC-70D0A4FE0CF3}.Release|Any CPU.ActiveCfg = Release|Any CPU
		{8C98F9F0-9463-41B2-A9CC-70D0A4FE0CF3}.Release|Any CPU.Build.0 = Release|Any CPU
		{8C98F9F0-9463-41B2-A9CC-70D0A4FE0CF3}.Release|x64.ActiveCfg = Release|x64
		{8C98F9F0-9463-41B2-A9CC-70D0A4FE0CF3}.Release|x64.Build.0 = Release|x64
		{8C98F9F0-9463-41B2-A9CC-70D0A4FE0CF3}.Release|x86.ActiveCfg = Release|x86
		{8C98F9F0-9463-41B2-A9CC-70D0A4FE0CF3}.Release|x86.Build.0 = Release|x86
		{8C98F9F0-9463-41B2-A9CC-70D0A4FE0CF3}.ReleaseGrid|Any CPU.ActiveCfg = ReleaseGrid|Any CPU
		{8C98F9F0-9463-41B2-A9CC-70D0A4FE0CF3}.ReleaseGrid|Any CPU.Build.0 = ReleaseGrid|Any CPU
		{8C98F9F0-9463-41B2-A9CC-70D0A4FE0CF3}.ReleaseGrid|x64.ActiveCfg = ReleaseGrid|x64
		{8C98F9F0-9463-41B2-A9CC-70D0A4FE0CF3}.ReleaseGrid|x64.Build.0 = ReleaseGrid|x64
		{8C98F9F0-9463-41B2-A9CC-70D0A4FE0CF3}.ReleaseGrid|x86.ActiveCfg = ReleaseGrid|x86
		{8C98F9F0-9463-41B2-A9CC-70D0A4FE0CF3}.ReleaseGrid|x86.Build.0 = ReleaseGrid|x86
		{8C98F9F0-9463-41B2-A9CC-70D0A4FE0CF3}.ReleaseLocal|Any CPU.ActiveCfg = ReleaseLocal|Any CPU
		{8C98F9F0-9463-41B2-A9CC-70D0A4FE0CF3}.ReleaseLocal|Any CPU.Build.0 = ReleaseLocal|Any CPU
		{8C98F9F0-9463-41B2-A9CC-70D0A4FE0CF3}.ReleaseLocal|x64.ActiveCfg = ReleaseLocal|x64
		{8C98F9F0-9463-41B2-A9CC-70D0A4FE0CF3}.ReleaseLocal|x64.Build.0 = ReleaseLocal|x64
		{8C98F9F0-9463-41B2-A9CC-70D0A4FE0CF3}.ReleaseLocal|x86.ActiveCfg = ReleaseLocal|x86
		{8C98F9F0-9463-41B2-A9CC-70D0A4FE0CF3}.ReleaseLocal|x86.Build.0 = ReleaseLocal|x86
		{71A023E9-6B3F-45EF-ABA6-5ABAC8BFCC64}.Debug|Any CPU.ActiveCfg = DebugLocal|Any CPU
		{71A023E9-6B3F-45EF-ABA6-5ABAC8BFCC64}.Debug|Any CPU.Build.0 = DebugLocal|Any CPU
		{71A023E9-6B3F-45EF-ABA6-5ABAC8BFCC64}.Debug|x64.ActiveCfg = DebugLocal|Any CPU
		{71A023E9-6B3F-45EF-ABA6-5ABAC8BFCC64}.Debug|x64.Build.0 = DebugLocal|Any CPU
		{71A023E9-6B3F-45EF-ABA6-5ABAC8BFCC64}.Debug|x86.ActiveCfg = DebugLocal|Any CPU
		{71A023E9-6B3F-45EF-ABA6-5ABAC8BFCC64}.Debug|x86.Build.0 = DebugLocal|Any CPU
		{71A023E9-6B3F-45EF-ABA6-5ABAC8BFCC64}.DebugGrid|Any CPU.ActiveCfg = DebugGrid|Any CPU
		{71A023E9-6B3F-45EF-ABA6-5ABAC8BFCC64}.DebugGrid|Any CPU.Build.0 = DebugGrid|Any CPU
		{71A023E9-6B3F-45EF-ABA6-5ABAC8BFCC64}.DebugGrid|x64.ActiveCfg = DebugGrid|Any CPU
		{71A023E9-6B3F-45EF-ABA6-5ABAC8BFCC64}.DebugGrid|x64.Build.0 = DebugGrid|Any CPU
		{71A023E9-6B3F-45EF-ABA6-5ABAC8BFCC64}.DebugGrid|x86.ActiveCfg = DebugGrid|Any CPU
		{71A023E9-6B3F-45EF-ABA6-5ABAC8BFCC64}.DebugGrid|x86.Build.0 = DebugGrid|Any CPU
		{71A023E9-6B3F-45EF-ABA6-5ABAC8BFCC64}.DebugLocal|Any CPU.ActiveCfg = DebugLocal|Any CPU
		{71A023E9-6B3F-45EF-ABA6-5ABAC8BFCC64}.DebugLocal|Any CPU.Build.0 = DebugLocal|Any CPU
		{71A023E9-6B3F-45EF-ABA6-5ABAC8BFCC64}.DebugLocal|x64.ActiveCfg = DebugLocal|Any CPU
		{71A023E9-6B3F-45EF-ABA6-5ABAC8BFCC64}.DebugLocal|x64.Build.0 = DebugLocal|Any CPU
		{71A023E9-6B3F-45EF-ABA6-5ABAC8BFCC64}.DebugLocal|x86.ActiveCfg = DebugLocal|Any CPU
		{71A023E9-6B3F-45EF-ABA6-5ABAC8BFCC64}.DebugLocal|x86.Build.0 = DebugLocal|Any CPU
		{71A023E9-6B3F-45EF-ABA6-5ABAC8BFCC64}.Release|Any CPU.ActiveCfg = Release|Any CPU
		{71A023E9-6B3F-45EF-ABA6-5ABAC8BFCC64}.Release|Any CPU.Build.0 = Release|Any CPU
		{71A023E9-6B3F-45EF-ABA6-5ABAC8BFCC64}.Release|x64.ActiveCfg = Release|Any CPU
		{71A023E9-6B3F-45EF-ABA6-5ABAC8BFCC64}.Release|x64.Build.0 = Release|Any CPU
		{71A023E9-6B3F-45EF-ABA6-5ABAC8BFCC64}.Release|x86.ActiveCfg = Release|Any CPU
		{71A023E9-6B3F-45EF-ABA6-5ABAC8BFCC64}.Release|x86.Build.0 = Release|Any CPU
		{71A023E9-6B3F-45EF-ABA6-5ABAC8BFCC64}.ReleaseGrid|Any CPU.ActiveCfg = ReleaseGrid|Any CPU
		{71A023E9-6B3F-45EF-ABA6-5ABAC8BFCC64}.ReleaseGrid|Any CPU.Build.0 = ReleaseGrid|Any CPU
		{71A023E9-6B3F-45EF-ABA6-5ABAC8BFCC64}.ReleaseGrid|x64.ActiveCfg = ReleaseGrid|Any CPU
		{71A023E9-6B3F-45EF-ABA6-5ABAC8BFCC64}.ReleaseGrid|x64.Build.0 = ReleaseGrid|Any CPU
		{71A023E9-6B3F-45EF-ABA6-5ABAC8BFCC64}.ReleaseGrid|x86.ActiveCfg = ReleaseGrid|Any CPU
		{71A023E9-6B3F-45EF-ABA6-5ABAC8BFCC64}.ReleaseGrid|x86.Build.0 = ReleaseGrid|Any CPU
		{71A023E9-6B3F-45EF-ABA6-5ABAC8BFCC64}.ReleaseLocal|Any CPU.ActiveCfg = ReleaseLocal|Any CPU
		{71A023E9-6B3F-45EF-ABA6-5ABAC8BFCC64}.ReleaseLocal|Any CPU.Build.0 = ReleaseLocal|Any CPU
		{71A023E9-6B3F-45EF-ABA6-5ABAC8BFCC64}.ReleaseLocal|x64.ActiveCfg = ReleaseLocal|Any CPU
		{71A023E9-6B3F-45EF-ABA6-5ABAC8BFCC64}.ReleaseLocal|x64.Build.0 = ReleaseLocal|Any CPU
		{71A023E9-6B3F-45EF-ABA6-5ABAC8BFCC64}.ReleaseLocal|x86.ActiveCfg = ReleaseLocal|Any CPU
		{71A023E9-6B3F-45EF-ABA6-5ABAC8BFCC64}.ReleaseLocal|x86.Build.0 = ReleaseLocal|Any CPU
		{B2F84595-F97C-458A-AB58-54269A5A5F7C}.Debug|Any CPU.ActiveCfg = Debug|Any CPU
		{B2F84595-F97C-458A-AB58-54269A5A5F7C}.Debug|Any CPU.Build.0 = Debug|Any CPU
		{B2F84595-F97C-458A-AB58-54269A5A5F7C}.Debug|x64.ActiveCfg = Debug|Any CPU
		{B2F84595-F97C-458A-AB58-54269A5A5F7C}.Debug|x64.Build.0 = Debug|Any CPU
		{B2F84595-F97C-458A-AB58-54269A5A5F7C}.Debug|x86.ActiveCfg = Debug|Any CPU
		{B2F84595-F97C-458A-AB58-54269A5A5F7C}.Debug|x86.Build.0 = Debug|Any CPU
		{B2F84595-F97C-458A-AB58-54269A5A5F7C}.DebugGrid|Any CPU.ActiveCfg = DebugGrid|Any CPU
		{B2F84595-F97C-458A-AB58-54269A5A5F7C}.DebugGrid|Any CPU.Build.0 = DebugGrid|Any CPU
		{B2F84595-F97C-458A-AB58-54269A5A5F7C}.DebugGrid|x64.ActiveCfg = DebugGrid|Any CPU
		{B2F84595-F97C-458A-AB58-54269A5A5F7C}.DebugGrid|x64.Build.0 = DebugGrid|Any CPU
		{B2F84595-F97C-458A-AB58-54269A5A5F7C}.DebugGrid|x86.ActiveCfg = DebugGrid|Any CPU
		{B2F84595-F97C-458A-AB58-54269A5A5F7C}.DebugGrid|x86.Build.0 = DebugGrid|Any CPU
		{B2F84595-F97C-458A-AB58-54269A5A5F7C}.DebugLocal|Any CPU.ActiveCfg = DebugLocal|Any CPU
		{B2F84595-F97C-458A-AB58-54269A5A5F7C}.DebugLocal|Any CPU.Build.0 = DebugLocal|Any CPU
		{B2F84595-F97C-458A-AB58-54269A5A5F7C}.DebugLocal|x64.ActiveCfg = DebugLocal|Any CPU
		{B2F84595-F97C-458A-AB58-54269A5A5F7C}.DebugLocal|x64.Build.0 = DebugLocal|Any CPU
		{B2F84595-F97C-458A-AB58-54269A5A5F7C}.DebugLocal|x86.ActiveCfg = DebugLocal|Any CPU
		{B2F84595-F97C-458A-AB58-54269A5A5F7C}.DebugLocal|x86.Build.0 = DebugLocal|Any CPU
		{B2F84595-F97C-458A-AB58-54269A5A5F7C}.Release|Any CPU.ActiveCfg = Release|Any CPU
		{B2F84595-F97C-458A-AB58-54269A5A5F7C}.Release|Any CPU.Build.0 = Release|Any CPU
		{B2F84595-F97C-458A-AB58-54269A5A5F7C}.Release|x64.ActiveCfg = Release|Any CPU
		{B2F84595-F97C-458A-AB58-54269A5A5F7C}.Release|x64.Build.0 = Release|Any CPU
		{B2F84595-F97C-458A-AB58-54269A5A5F7C}.Release|x86.ActiveCfg = Release|Any CPU
		{B2F84595-F97C-458A-AB58-54269A5A5F7C}.Release|x86.Build.0 = Release|Any CPU
		{B2F84595-F97C-458A-AB58-54269A5A5F7C}.ReleaseGrid|Any CPU.ActiveCfg = ReleaseGrid|Any CPU
		{B2F84595-F97C-458A-AB58-54269A5A5F7C}.ReleaseGrid|Any CPU.Build.0 = ReleaseGrid|Any CPU
		{B2F84595-F97C-458A-AB58-54269A5A5F7C}.ReleaseGrid|x64.ActiveCfg = ReleaseGrid|Any CPU
		{B2F84595-F97C-458A-AB58-54269A5A5F7C}.ReleaseGrid|x64.Build.0 = ReleaseGrid|Any CPU
		{B2F84595-F97C-458A-AB58-54269A5A5F7C}.ReleaseGrid|x86.ActiveCfg = ReleaseGrid|Any CPU
		{B2F84595-F97C-458A-AB58-54269A5A5F7C}.ReleaseGrid|x86.Build.0 = ReleaseGrid|Any CPU
		{B2F84595-F97C-458A-AB58-54269A5A5F7C}.ReleaseLocal|Any CPU.ActiveCfg = ReleaseLocal|Any CPU
		{B2F84595-F97C-458A-AB58-54269A5A5F7C}.ReleaseLocal|Any CPU.Build.0 = ReleaseLocal|Any CPU
		{B2F84595-F97C-458A-AB58-54269A5A5F7C}.ReleaseLocal|x64.ActiveCfg = ReleaseLocal|Any CPU
		{B2F84595-F97C-458A-AB58-54269A5A5F7C}.ReleaseLocal|x64.Build.0 = ReleaseLocal|Any CPU
		{B2F84595-F97C-458A-AB58-54269A5A5F7C}.ReleaseLocal|x86.ActiveCfg = ReleaseLocal|Any CPU
		{B2F84595-F97C-458A-AB58-54269A5A5F7C}.ReleaseLocal|x86.Build.0 = ReleaseLocal|Any CPU
	EndGlobalSection
	GlobalSection(SolutionProperties) = preSolution
		HideSolutionNode = FALSE
	EndGlobalSection
	GlobalSection(NestedProjects) = preSolution
		{4C18C2E2-8762-4E71-BE14-A6646FE4999F} = {E4A7A24C-D079-4E8B-91CA-1FD0C6F145F5}
		{1565E9BE-BADA-48C7-8932-B17755729AC7} = {E4A7A24C-D079-4E8B-91CA-1FD0C6F145F5}
		{7DFB9882-BD46-40D9-87BA-D2C95AE2CCC2} = {E4A7A24C-D079-4E8B-91CA-1FD0C6F145F5}
		{CB70EA86-E2BD-4DCB-8CB4-0DBE62FB5395} = {E4A7A24C-D079-4E8B-91CA-1FD0C6F145F5}
	EndGlobalSection
	GlobalSection(ExtensibilityGlobals) = postSolution
		SolutionGuid = {C796B853-FACA-4F63-9824-B10BF204E231}
	EndGlobalSection
EndGlobal
